{
  "object": {
    "pins": [
      {
        "package": "OktaOidc",
        "repositoryURL": "https://github.com/okta/okta-oidc-ios.git",
        "state": {
          "branch": null,
          "revision": "91eac722b8e859ba7f15d65a9085a64a296bc065",
          "version": "3.11.2"
        }
      }
    ]
  },
  "version": 1
}
