{
  "object": {
    "pins": [
      {
        "package": "OktaOidc",
        "repositoryURL": "https://github.com/okta/okta-oidc-ios.git",
        "state": {
          "branch": null,
          "revision": "c6b9c8839a0d009258a0c5855e3be6fcdcb02f98",
          "version": "3.10.7"
        }
      }
    ]
  },
  "version": 1
}
